
Microsoft Visual Studio Solution File, Format Version 12.00
# Visual Studio Version 17
VisualStudioVersion = 17.2.32630.192
MinimumVisualStudioVersion = 10.0.40219.1
Project("{FAE04EC0-301F-11D3-BF4B-00C04F79EFBC}") = "ScriptLoader.UI", "ScriptLoader.UI\ScriptLoader.UI.csproj", "{4CAED8B6-5AAA-45A1-BBF8-977EBF6F8D7D}"
EndProject
Project("{FAE04EC0-301F-11D3-BF4B-00C04F79EFBC}") = "ScriptLoader.Core", "ScriptLoader.Core\ScriptLoader.Core.csproj", "{6862D06A-4EA4-4D7B-B11D-0DDD4B805CE4}"
EndProject
Global
	GlobalSection(SolutionConfigurationPlatforms) = preSolution
		Debug|Any CPU = Debug|Any CPU
		Release|Any CPU = Release|Any CPU
	EndGlobalSection
	GlobalSection(ProjectConfigurationPlatforms) = postSolution
		{4CAED8B6-5AAA-45A1-BBF8-977EBF6F8D7D}.Debug|Any CPU.ActiveCfg = Debug|Any CPU
		{4CAED8B6-5AAA-45A1-BBF8-977EBF6F8D7D}.Debug|Any CPU.Build.0 = Debug|Any CPU
		{4CAED8B6-5AAA-45A1-BBF8-977EBF6F8D7D}.Release|Any CPU.ActiveCfg = Release|Any CPU
		{4CAED8B6-5AAA-45A1-BBF8-977EBF6F8D7D}.Release|Any CPU.Build.0 = Release|Any CPU
		{6862D06A-4EA4-4D7B-B11D-0DDD4B805CE4}.Debug|Any CPU.ActiveCfg = Debug|Any CPU
		{6862D06A-4EA4-4D7B-B11D-0DDD4B805CE4}.Debug|Any CPU.Build.0 = Debug|Any CPU
		{6862D06A-4EA4-4D7B-B11D-0DDD4B805CE4}.Release|Any CPU.ActiveCfg = Release|Any CPU
		{6862D06A-4EA4-4D7B-B11D-0DDD4B805CE4}.Release|Any CPU.Build.0 = Release|Any CPU
	EndGlobalSection
	GlobalSection(SolutionProperties) = preSolution
		HideSolutionNode = FALSE
	EndGlobalSection
	GlobalSection(ExtensibilityGlobals) = postSolution
		SolutionGuid = {64A7A477-B555-4739-827A-173E46C913C4}
	EndGlobalSection
EndGlobal
